
Microsoft Visual Studio Solution File, Format Version 12.00
# Visual Studio Version 16
VisualStudioVersion = 16.0.30907.101
MinimumVisualStudioVersion = 10.0.40219.1
Project("{FAE04EC0-301F-11D3-BF4B-00C04F79EFBC}") = "ALEX01", "ALEX01\ALEX01.csproj", "{71508E21-A166-4727-9450-B2447E807358}"
EndProject
Global
	GlobalSection(SolutionConfigurationPlatforms) = preSolution
		Debug|Any CPU = Debug|Any CPU
		Release|Any CPU = Release|Any CPU
	EndGlobalSection
	GlobalSection(ProjectConfigurationPlatforms) = postSolution
		{71508E21-A166-4727-9450-B2447E807358}.Debug|Any CPU.ActiveCfg = Debug|Any CPU
		{71508E21-A166-4727-9450-B2447E807358}.Debug|Any CPU.Build.0 = Debug|Any CPU
		{71508E21-A166-4727-9450-B2447E807358}.Release|Any CPU.ActiveCfg = Release|Any CPU
		{71508E21-A166-4727-9450-B2447E807358}.Release|Any CPU.Build.0 = Release|Any CPU
	EndGlobalSection
	GlobalSection(SolutionProperties) = preSolution
		HideSolutionNode = FALSE
	EndGlobalSection
	GlobalSection(ExtensibilityGlobals) = postSolution
		SolutionGuid = {018FBB36-7003-479D-8B72-780455713CE8}
	EndGlobalSection
EndGlobal
